
Microsoft Visual Studio Solution File, Format Version 12.00
# Visual Studio 2015
Project("{FAE04EC0-301F-11D3-BF4B-00C04F79EFBC}") = "PHGMS01.CSharp.Plugins", "PHGMS01.CSharp.Plugins.csproj", "{DF56BA5F-66C7-AA56-82B0-C23A0E9FE28B}"
EndProject
Project("{FAE04EC0-301F-11D3-BF4B-00C04F79EFBC}") = "PHGMS01.CSharp", "PHGMS01.CSharp.csproj", "{8B5D6611-E687-1F5B-A248-EBF6CEAE9E21}"
EndProject
Project("{FAE04EC0-301F-11D3-BF4B-00C04F79EFBC}") = "PHGMS01.CSharp.Editor", "PHGMS01.CSharp.Editor.csproj", "{1A772891-AEDF-AB02-35CA-F40EB3CF0317}"
EndProject
Global
	GlobalSection(SolutionConfigurationPlatforms) = preSolution
		Debug|Any CPU = Debug|Any CPU
		Release|Any CPU = Release|Any CPU
	EndGlobalSection
	GlobalSection(ProjectConfigurationPlatforms) = postSolution
		{DF56BA5F-66C7-AA56-82B0-C23A0E9FE28B}.Debug|Any CPU.ActiveCfg = Debug|Any CPU
		{DF56BA5F-66C7-AA56-82B0-C23A0E9FE28B}.Debug|Any CPU.Build.0 = Debug|Any CPU
		{DF56BA5F-66C7-AA56-82B0-C23A0E9FE28B}.Release|Any CPU.ActiveCfg = Release|Any CPU
		{DF56BA5F-66C7-AA56-82B0-C23A0E9FE28B}.Release|Any CPU.Build.0 = Release|Any CPU
		{8B5D6611-E687-1F5B-A248-EBF6CEAE9E21}.Debug|Any CPU.ActiveCfg = Debug|Any CPU
		{8B5D6611-E687-1F5B-A248-EBF6CEAE9E21}.Debug|Any CPU.Build.0 = Debug|Any CPU
		{8B5D6611-E687-1F5B-A248-EBF6CEAE9E21}.Release|Any CPU.ActiveCfg = Release|Any CPU
		{8B5D6611-E687-1F5B-A248-EBF6CEAE9E21}.Release|Any CPU.Build.0 = Release|Any CPU
		{1A772891-AEDF-AB02-35CA-F40EB3CF0317}.Debug|Any CPU.ActiveCfg = Debug|Any CPU
		{1A772891-AEDF-AB02-35CA-F40EB3CF0317}.Debug|Any CPU.Build.0 = Debug|Any CPU
		{1A772891-AEDF-AB02-35CA-F40EB3CF0317}.Release|Any CPU.ActiveCfg = Release|Any CPU
		{1A772891-AEDF-AB02-35CA-F40EB3CF0317}.Release|Any CPU.Build.0 = Release|Any CPU
	EndGlobalSection
	GlobalSection(SolutionProperties) = preSolution
		HideSolutionNode = FALSE
	EndGlobalSection
EndGlobal
