Microsoft Visual Studio Solution File, Format Version 11.00
# Visual Studio 2008

Project("{34B4D00C-BDEF-90C2-BA32-DA22F6ED8703}") = "Multiplayer Survival", "Assembly-CSharp-firstpass.csproj", "{BF9ED847-C5A3-4926-415B-3BF9F3C0A8BB}"
EndProject
Project("{34B4D00C-BDEF-90C2-BA32-DA22F6ED8703}") = "Multiplayer Survival", "Assembly-CSharp-Editor.csproj", "{9E3F4D05-FF48-D08D-4CFE-164B532C8076}"
EndProject
Global
	GlobalSection(SolutionConfigurationPlatforms) = preSolution
		Debug|Any CPU = Debug|Any CPU
		Release|Any CPU = Release|Any CPU
	EndGlobalSection
	GlobalSection(ProjectConfigurationPlatforms) = postSolution
		{BF9ED847-C5A3-4926-415B-3BF9F3C0A8BB}.Debug|Any CPU.ActiveCfg = Debug|Any CPU
		{BF9ED847-C5A3-4926-415B-3BF9F3C0A8BB}.Debug|Any CPU.Build.0 = Debug|Any CPU
		{BF9ED847-C5A3-4926-415B-3BF9F3C0A8BB}.Release|Any CPU.ActiveCfg = Release|Any CPU
		{BF9ED847-C5A3-4926-415B-3BF9F3C0A8BB}.Release|Any CPU.Build.0 = Release|Any CPU
		{9E3F4D05-FF48-D08D-4CFE-164B532C8076}.Debug|Any CPU.ActiveCfg = Debug|Any CPU
		{9E3F4D05-FF48-D08D-4CFE-164B532C8076}.Debug|Any CPU.Build.0 = Debug|Any CPU
		{9E3F4D05-FF48-D08D-4CFE-164B532C8076}.Release|Any CPU.ActiveCfg = Release|Any CPU
		{9E3F4D05-FF48-D08D-4CFE-164B532C8076}.Release|Any CPU.Build.0 = Release|Any CPU
	EndGlobalSection
	GlobalSection(SolutionProperties) = preSolution
		HideSolutionNode = FALSE
	EndGlobalSection
	GlobalSection(MonoDevelopProperties) = preSolution
		StartupItem = Assembly-CSharp.csproj
		Policies = $0
		$0.TextStylePolicy = $1
		$1.inheritsSet = null
		$1.scope = text/x-csharp
		$0.CSharpFormattingPolicy = $2
		$2.inheritsSet = Mono
		$2.inheritsScope = text/x-csharp
		$2.scope = text/x-csharp
		$0.TextStylePolicy = $3
		$3.FileWidth = 120
		$3.TabWidth = 4
		$3.IndentWidth = 4
		$3.EolMarker = Unix
		$3.inheritsSet = Mono
		$3.inheritsScope = text/plain
		$3.scope = text/plain
	EndGlobalSection
EndGlobal
